
Microsoft Visual Studio Solution File, Format Version 12.00
# Visual Studio Version 17
VisualStudioVersion = 17.9.34622.214
MinimumVisualStudioVersion = 10.0.40219.1
Project("{FAE04EC0-301F-11D3-BF4B-00C04F79EFBC}") = "Examine", "Examine\Examine.csproj", "{6BFDDA9B-B980-477B-8D3B-98782805BBBA}"
EndProject
Global
	GlobalSection(SolutionConfigurationPlatforms) = preSolution
		Debug|Any CPU = Debug|Any CPU
		Release|Any CPU = Release|Any CPU
	EndGlobalSection
	GlobalSection(ProjectConfigurationPlatforms) = postSolution
		{6BFDDA9B-B980-477B-8D3B-98782805BBBA}.Debug|Any CPU.ActiveCfg = Debug|Any CPU
		{6BFDDA9B-B980-477B-8D3B-98782805BBBA}.Debug|Any CPU.Build.0 = Debug|Any CPU
		{6BFDDA9B-B980-477B-8D3B-98782805BBBA}.Release|Any CPU.ActiveCfg = Release|Any CPU
		{6BFDDA9B-B980-477B-8D3B-98782805BBBA}.Release|Any CPU.Build.0 = Release|Any CPU
	EndGlobalSection
	GlobalSection(SolutionProperties) = preSolution
		HideSolutionNode = FALSE
	EndGlobalSection
	GlobalSection(ExtensibilityGlobals) = postSolution
		SolutionGuid = {6A6C5FDA-8046-40CF-907C-A7755B2EB7A6}
	EndGlobalSection
EndGlobal
